// !$*UTF8*$!
{
	archiveVersion = 1;
	classes = {
	};
	objectVersion = 70;
	objects = {

/* Begin PBXBuildFile section */
		50F7C91B2F93F9F400B0630F /* RecognizedBlock.swift in Sources */ = {isa = PBXBuildFile; fileRef = 50F7C91A2F93F9ED00B0630F /* RecognizedBlock.swift */; };
		50F7C91D2F93FC0600B0630F /* StructuredContent.swift in Sources */ = {isa = PBXBuildFile; fileRef = 50F7C91C2F93FBFF00B0630F /* StructuredContent.swift */; };
		50F7C92B2F94122600B0630F /* CameraPickerView.swift in Sources */ = {isa = PBXBuildFile; fileRef = 50F7C92A2F94121600B0630F /* CameraPickerView.swift */; };
		A01 /* CapturaFacilApp.swift in Sources */ = {isa = PBXBuildFile; fileRef = F01 /* CapturaFacilApp.swift */; };
		A02 /* DesignSystem.swift in Sources */ = {isa = PBXBuildFile; fileRef = F02 /* DesignSystem.swift */; };
		A03 /* Models.swift in Sources */ = {isa = PBXBuildFile; fileRef = F03 /* Models.swift */; };
		A04 /* AppState.swift in Sources */ = {isa = PBXBuildFile; fileRef = F04 /* AppState.swift */; };
		A05 /* Components.swift in Sources */ = {isa = PBXBuildFile; fileRef = F05 /* Components.swift */; };
		A06 /* ContentView.swift in Sources */ = {isa = PBXBuildFile; fileRef = F06 /* ContentView.swift */; };
		A07 /* HomeView.swift in Sources */ = {isa = PBXBuildFile; fileRef = F07 /* HomeView.swift */; };
		A08 /* CameraView.swift in Sources */ = {isa = PBXBuildFile; fileRef = F08 /* CameraView.swift */; };
		A09 /* ProcessingView.swift in Sources */ = {isa = PBXBuildFile; fileRef = F09 /* ProcessingView.swift */; };
		A10 /* ResultsView.swift in Sources */ = {isa = PBXBuildFile; fileRef = F10 /* ResultsView.swift */; };
		A11 /* HelpAndExplanationViews.swift in Sources */ = {isa = PBXBuildFile; fileRef = F11 /* HelpAndExplanationViews.swift */; };
		A12 /* HistoryAndToolsViews.swift in Sources */ = {isa = PBXBuildFile; fileRef = F12 /* HistoryAndToolsViews.swift */; };
/* End PBXBuildFile section */

/* Begin PBXFileReference section */
		50F7C91A2F93F9ED00B0630F /* RecognizedBlock.swift */ = {isa = PBXFileReference; lastKnownFileType = sourcecode.swift; path = RecognizedBlock.swift; sourceTree = "<group>"; };
		50F7C91C2F93FBFF00B0630F /* StructuredContent.swift */ = {isa = PBXFileReference; lastKnownFileType = sourcecode.swift; path = StructuredContent.swift; sourceTree = "<group>"; };
		50F7C92A2F94121600B0630F /* CameraPickerView.swift */ = {isa = PBXFileReference; lastKnownFileType = sourcecode.swift; path = CameraPickerView.swift; sourceTree = "<group>"; };
		F01 /* CapturaFacilApp.swift */ = {isa = PBXFileReference; lastKnownFileType = sourcecode.swift; path = CapturaFacilApp.swift; sourceTree = "<group>"; };
		F02 /* DesignSystem.swift */ = {isa = PBXFileReference; lastKnownFileType = sourcecode.swift; path = DesignSystem.swift; sourceTree = "<group>"; };
		F03 /* Models.swift */ = {isa = PBXFileReference; lastKnownFileType = sourcecode.swift; path = Models.swift; sourceTree = "<group>"; };
		F04 /* AppState.swift */ = {isa = PBXFileReference; lastKnownFileType = sourcecode.swift; path = AppState.swift; sourceTree = "<group>"; };
		F05 /* Components.swift */ = {isa = PBXFileReference; lastKnownFileType = sourcecode.swift; path = Components.swift; sourceTree = "<group>"; };
		F06 /* ContentView.swift */ = {isa = PBXFileReference; lastKnownFileType = sourcecode.swift; path = ContentView.swift; sourceTree = "<group>"; };
		F07 /* HomeView.swift */ = {isa = PBXFileReference; lastKnownFileType = sourcecode.swift; path = HomeView.swift; sourceTree = "<group>"; };
		F08 /* CameraView.swift */ = {isa = PBXFileReference; lastKnownFileType = sourcecode.swift; path = CameraView.swift; sourceTree = "<group>"; };
		F09 /* ProcessingView.swift */ = {isa = PBXFileReference; lastKnownFileType = sourcecode.swift; path = ProcessingView.swift; sourceTree = "<group>"; };
		F10 /* ResultsView.swift */ = {isa = PBXFileReference; lastKnownFileType = sourcecode.swift; path = ResultsView.swift; sourceTree = "<group>"; };
		F11 /* HelpAndExplanationViews.swift */ = {isa = PBXFileReference; lastKnownFileType = sourcecode.swift; path = HelpAndExplanationViews.swift; sourceTree = "<group>"; };
		F12 /* HistoryAndToolsViews.swift */ = {isa = PBXFileReference; lastKnownFileType = sourcecode.swift; path = HistoryAndToolsViews.swift; sourceTree = "<group>"; };
		PROD /* CapturaFacil.app */ = {isa = PBXFileReference; explicitFileType = wrapper.application; includeInIndex = 0; path = CapturaFacil.app; sourceTree = BUILT_PRODUCTS_DIR; };
/* End PBXFileReference section */

/* Begin PBXFileSystemSynchronizedRootGroup section */
		50F7C9202F93FC6E00B0630F /* Services */ = {isa = PBXFileSystemSynchronizedRootGroup; explicitFileTypes = {}; explicitFolders = (); path = Services; sourceTree = "<group>"; };
/* End PBXFileSystemSynchronizedRootGroup section */

/* Begin PBXFrameworksBuildPhase section */
		FB1 /* Frameworks */ = {
			isa = PBXFrameworksBuildPhase;
			buildActionMask = 2147483647;
			files = (
			);
			runOnlyForDeploymentPostprocessing = 0;
		};
/* End PBXFrameworksBuildPhase section */

/* Begin PBXGroup section */
		GRP = {
			isa = PBXGroup;
			children = (
				GRPAPP /* CapturaFacil */,
				PROD /* CapturaFacil.app */,
			);
			sourceTree = "<group>";
		};
		GRPAPP /* CapturaFacil */ = {
			isa = PBXGroup;
			children = (
				50F7C9202F93FC6E00B0630F /* Services */,
				F01 /* CapturaFacilApp.swift */,
				GRPEXT /* Extensions */,
				GRPMOD /* Models */,
				GRPVM /* ViewModels */,
				GRPCOMP /* Components */,
				GRPVIEWS /* Views */,
			);
			path = CapturaFacil;
			sourceTree = "<group>";
		};
		GRPCOMP /* Components */ = {
			isa = PBXGroup;
			children = (
				F05 /* Components.swift */,
			);
			path = Components;
			sourceTree = "<group>";
		};
		GRPEXT /* Extensions */ = {
			isa = PBXGroup;
			children = (
				F02 /* DesignSystem.swift */,
			);
			path = Extensions;
			sourceTree = "<group>";
		};
		GRPMOD /* Models */ = {
			isa = PBXGroup;
			children = (
				F03 /* Models.swift */,
				50F7C91A2F93F9ED00B0630F /* RecognizedBlock.swift */,
				50F7C91C2F93FBFF00B0630F /* StructuredContent.swift */,
			);
			path = Models;
			sourceTree = "<group>";
		};
		GRPVIEWS /* Views */ = {
			isa = PBXGroup;
			children = (
				50F7C92A2F94121600B0630F /* CameraPickerView.swift */,
				F06 /* ContentView.swift */,
				F07 /* HomeView.swift */,
				F08 /* CameraView.swift */,
				F09 /* ProcessingView.swift */,
				F10 /* ResultsView.swift */,
				F11 /* HelpAndExplanationViews.swift */,
				F12 /* HistoryAndToolsViews.swift */,
			);
			path = Views;
			sourceTree = "<group>";
		};
		GRPVM /* ViewModels */ = {
			isa = PBXGroup;
			children = (
				F04 /* AppState.swift */,
			);
			path = ViewModels;
			sourceTree = "<group>";
		};
/* End PBXGroup section */

/* Begin PBXNativeTarget section */
		TGT /* CapturaFacil */ = {
			isa = PBXNativeTarget;
			buildConfigurationList = CFGLIST /* Build configuration list for PBXNativeTarget "CapturaFacil" */;
			buildPhases = (
				SRC /* Sources */,
				FB1 /* Frameworks */,
			);
			buildRules = (
			);
			dependencies = (
			);
			fileSystemSynchronizedGroups = (
				50F7C9202F93FC6E00B0630F /* Services */,
			);
			name = CapturaFacil;
			productName = CapturaFacil;
			productReference = PROD /* CapturaFacil.app */;
			productType = "com.apple.product-type.application";
		};
/* End PBXNativeTarget section */

/* Begin PBXProject section */
		PROJ /* Project object */ = {
			isa = PBXProject;
			attributes = {
				BuildIndependentTargetsInParallel = 1;
				LastSwiftUpdateCheck = 1500;
				LastUpgradeCheck = 1500;
				TargetAttributes = {
					TGT = {
						CreatedOnToolsVersion = 15.0;
					};
				};
			};
			buildConfigurationList = PROJCFGLIST /* Build configuration list for PBXProject "CapturaFacil" */;
			compatibilityVersion = "Xcode 14.0";
			developmentRegion = es;
			hasScannedForEncodings = 0;
			knownRegions = (
				es,
				en,
				Base,
			);
			mainGroup = GRP;
			productRefGroup = GRP;
			projectDirPath = "";
			projectRoot = "";
			targets = (
				TGT /* CapturaFacil */,
			);
		};
/* End PBXProject section */

/* Begin PBXSourcesBuildPhase section */
		SRC /* Sources */ = {
			isa = PBXSourcesBuildPhase;
			buildActionMask = 2147483647;
			files = (
				A01 /* CapturaFacilApp.swift in Sources */,
				A02 /* DesignSystem.swift in Sources */,
				A03 /* Models.swift in Sources */,
				A04 /* AppState.swift in Sources */,
				A05 /* Components.swift in Sources */,
				A06 /* ContentView.swift in Sources */,
				A07 /* HomeView.swift in Sources */,
				A08 /* CameraView.swift in Sources */,
				A09 /* ProcessingView.swift in Sources */,
				A10 /* ResultsView.swift in Sources */,
				50F7C91D2F93FC0600B0630F /* StructuredContent.swift in Sources */,
				A11 /* HelpAndExplanationViews.swift in Sources */,
				50F7C91B2F93F9F400B0630F /* RecognizedBlock.swift in Sources */,
				A12 /* HistoryAndToolsViews.swift in Sources */,
				50F7C92B2F94122600B0630F /* CameraPickerView.swift in Sources */,
			);
			runOnlyForDeploymentPostprocessing = 0;
		};
/* End PBXSourcesBuildPhase section */

/* Begin XCBuildConfiguration section */
		CFG_DEBUG /* Debug */ = {
			isa = XCBuildConfiguration;
			buildSettings = {
				ASSETCATALOG_COMPILER_GENERATE_SWIFT_ASSET_SYMBOL_EXTENSIONS = YES;
				CODE_SIGN_STYLE = Automatic;
				CURRENT_PROJECT_VERSION = 1;
				DEVELOPMENT_ASSET_PATHS = "";
				DEVELOPMENT_TEAM = 69GKY9K326;
				ENABLE_PREVIEWS = YES;
				GENERATE_INFOPLIST_FILE = YES;
				INFOPLIST_KEY_NSCameraUsageDescription = "CapturaFácil necesita la cámara para fotografiar pizarrones y documentos.";
				INFOPLIST_KEY_UIApplicationSceneManifest_Generation = YES;
				INFOPLIST_KEY_UIApplicationSupportsIndirectInputEvents = YES;
				INFOPLIST_KEY_UILaunchScreen_Generation = YES;
				INFOPLIST_KEY_UISupportedInterfaceOrientations_iPhone = UIInterfaceOrientationPortrait;
				IPHONEOS_DEPLOYMENT_TARGET = 26.0;
				MARKETING_VERSION = 1.0;
				PRODUCT_BUNDLE_IDENTIFIER = com.capturafacil.app;
				PRODUCT_NAME = CapturaFacil;
				SWIFT_EMIT_LOC_STRINGS = YES;
				SWIFT_VERSION = 5.9;
				TARGETED_DEVICE_FAMILY = 1;
			};
			name = Debug;
		};
		CFG_RELEASE /* Release */ = {
			isa = XCBuildConfiguration;
			buildSettings = {
				ASSETCATALOG_COMPILER_GENERATE_SWIFT_ASSET_SYMBOL_EXTENSIONS = YES;
				CODE_SIGN_STYLE = Automatic;
				CURRENT_PROJECT_VERSION = 1;
				DEVELOPMENT_ASSET_PATHS = "";
				DEVELOPMENT_TEAM = 69GKY9K326;
				ENABLE_PREVIEWS = YES;
				GENERATE_INFOPLIST_FILE = YES;
				INFOPLIST_KEY_NSCameraUsageDescription = "CapturaFácil necesita la cámara para fotografiar pizarrones y documentos.";
				INFOPLIST_KEY_UIApplicationSceneManifest_Generation = YES;
				INFOPLIST_KEY_UIApplicationSupportsIndirectInputEvents = YES;
				INFOPLIST_KEY_UILaunchScreen_Generation = YES;
				INFOPLIST_KEY_UISupportedInterfaceOrientations_iPhone = UIInterfaceOrientationPortrait;
				IPHONEOS_DEPLOYMENT_TARGET = 26.0;
				MARKETING_VERSION = 1.0;
				PRODUCT_BUNDLE_IDENTIFIER = com.capturafacil.app;
				PRODUCT_NAME = CapturaFacil;
				SWIFT_EMIT_LOC_STRINGS = YES;
				SWIFT_VERSION = 5.9;
				TARGETED_DEVICE_FAMILY = 1;
			};
			name = Release;
		};
		PROJCFG_DEBUG /* Debug */ = {
			isa = XCBuildConfiguration;
			buildSettings = {
				ALWAYS_SEARCH_USER_PATHS = NO;
				CLANG_ANALYZER_NONNULL = YES;
				CLANG_ANALYZER_NUMBER_OBJECT_CONVERSION = YES_AGGRESSIVE;
				CLANG_CXX_LANGUAGE_STANDARD = "gnu++20";
				CLANG_ENABLE_MODULES = YES;
				CLANG_ENABLE_OBJC_ARC = YES;
				CLANG_ENABLE_OBJC_WEAK = YES;
				CLANG_WARN_BLOCK_CAPTURE_AUTORELEASING = YES;
				CLANG_WARN_BOOL_CONVERSION = YES;
				CLANG_WARN_COMMA = YES;
				CLANG_WARN_CONSTANT_CONVERSION = YES;
				CLANG_WARN_DEPRECATED_OBJC_IMPLEMENTATIONS = YES;
				CLANG_WARN_DIRECT_OBJC_ISA_USAGE = YES_ERROR;
				CLANG_WARN_DOCUMENTATION_COMMENTS = YES;
				CLANG_WARN_EMPTY_BODY = YES;
				CLANG_WARN_ENUM_CONVERSION = YES;
				CLANG_WARN_INT_CONVERSION = YES;
				CLANG_WARN_NON_LITERAL_NULL_CONVERSION = YES;
				CLANG_WARN_OBJC_IMPLICIT_RETAIN_SELF = YES;
				CLANG_WARN_OBJC_LITERAL_CONVERSION = YES;
				CLANG_WARN_OBJC_ROOT_CLASS = YES_ERROR;
				CLANG_WARN_QUOTED_INCLUDE_IN_FRAMEWORK_HEADER = YES;
				CLANG_WARN_RANGE_LOOP_ANALYSIS = YES;
				CLANG_WARN_STRICT_PROTOTYPES = YES;
				CLANG_WARN_SUSPICIOUS_MOVE = YES;
				CLANG_WARN_UNGUARDED_AVAILABILITY = YES_AGGRESSIVE;
				CLANG_WARN_UNREACHABLE_CODE = YES;
				CLANG_WARN__DUPLICATE_METHOD_MATCH = YES;
				COPY_PHASE_STRIP = NO;
				DEBUG_INFORMATION_FORMAT = dwarf;
				ENABLE_STRICT_OBJC_MSGSEND = YES;
				ENABLE_TESTABILITY = YES;
				ENABLE_USER_SCRIPT_SANDBOXING = YES;
				GCC_C_LANGUAGE_STANDARD = gnu17;
				GCC_DYNAMIC_NO_PIC = NO;
				GCC_NO_COMMON_BLOCKS = YES;
				GCC_OPTIMIZATION_LEVEL = 0;
				GCC_PREPROCESSOR_DEFINITIONS = (
					"DEBUG=1",
					"$(inherited)",
				);
				GCC_WARN_64_TO_32_BIT_CONVERSION = YES;
				GCC_WARN_ABOUT_RETURN_TYPE = YES_ERROR;
				GCC_WARN_UNDECLARED_SELECTOR = YES;
				GCC_WARN_UNINITIALIZED_AUTOS = YES_AGGRESSIVE;
				GCC_WARN_UNUSED_FUNCTION = YES;
				GCC_WARN_UNUSED_VARIABLE = YES;
				IPHONEOS_DEPLOYMENT_TARGET = 17.0;
				MTL_ENABLE_DEBUG_INFO = INCLUDE_SOURCE;
				MTL_FAST_MATH = YES;
				ONLY_ACTIVE_ARCH = YES;
				SDKROOT = iphoneos;
				SWIFT_ACTIVE_COMPILATION_CONDITIONS = DEBUG;
				SWIFT_OPTIMIZATION_LEVEL = "-Onone";
			};
			name = Debug;
		};
		PROJCFG_RELEASE /* Release */ = {
			isa = XCBuildConfiguration;
			buildSettings = {
				ALWAYS_SEARCH_USER_PATHS = NO;
				CLANG_ANALYZER_NONNULL = YES;
				CLANG_ANALYZER_NUMBER_OBJECT_CONVERSION = YES_AGGRESSIVE;
				CLANG_CXX_LANGUAGE_STANDARD = "gnu++20";
				CLANG_ENABLE_MODULES = YES;
				CLANG_ENABLE_OBJC_ARC = YES;
				CLANG_ENABLE_OBJC_WEAK = YES;
				CLANG_WARN_BLOCK_CAPTURE_AUTORELEASING = YES;
				CLANG_WARN_BOOL_CONVERSION = YES;
				CLANG_WARN_COMMA = YES;
				CLANG_WARN_CONSTANT_CONVERSION = YES;
				CLANG_WARN_DEPRECATED_OBJC_IMPLEMENTATIONS = YES;
				CLANG_WARN_DIRECT_OBJC_ISA_USAGE = YES_ERROR;
				CLANG_WARN_DOCUMENTATION_COMMENTS = YES;
				CLANG_WARN_EMPTY_BODY = YES;
				CLANG_WARN_ENUM_CONVERSION = YES;
				CLANG_WARN_INT_CONVERSION = YES;
				CLANG_WARN_NON_LITERAL_NULL_CONVERSION = YES;
				CLANG_WARN_OBJC_IMPLICIT_RETAIN_SELF = YES;
				CLANG_WARN_OBJC_LITERAL_CONVERSION = YES;
				CLANG_WARN_OBJC_ROOT_CLASS = YES_ERROR;
				CLANG_WARN_QUOTED_INCLUDE_IN_FRAMEWORK_HEADER = YES;
				CLANG_WARN_RANGE_LOOP_ANALYSIS = YES;
				CLANG_WARN_STRICT_PROTOTYPES = YES;
				CLANG_WARN_SUSPICIOUS_MOVE = YES;
				CLANG_WARN_UNGUARDED_AVAILABILITY = YES_AGGRESSIVE;
				CLANG_WARN_UNREACHABLE_CODE = YES;
				CLANG_WARN__DUPLICATE_METHOD_MATCH = YES;
				COPY_PHASE_STRIP = NO;
				DEBUG_INFORMATION_FORMAT = "dwarf-with-dsym";
				ENABLE_NS_ASSERTIONS = NO;
				ENABLE_STRICT_OBJC_MSGSEND = YES;
				ENABLE_USER_SCRIPT_SANDBOXING = YES;
				GCC_C_LANGUAGE_STANDARD = gnu17;
				GCC_NO_COMMON_BLOCKS = YES;
				GCC_WARN_64_TO_32_BIT_CONVERSION = YES;
				GCC_WARN_ABOUT_RETURN_TYPE = YES_ERROR;
				GCC_WARN_UNDECLARED_SELECTOR = YES;
				GCC_WARN_UNINITIALIZED_AUTOS = YES_AGGRESSIVE;
				GCC_WARN_UNUSED_FUNCTION = YES;
				GCC_WARN_UNUSED_VARIABLE = YES;
				IPHONEOS_DEPLOYMENT_TARGET = 17.0;
				MTL_FAST_MATH = YES;
				SDKROOT = iphoneos;
				SWIFT_COMPILATION_MODE = wholemodule;
				VALIDATE_PRODUCT = YES;
			};
			name = Release;
		};
/* End XCBuildConfiguration section */

/* Begin XCConfigurationList section */
		CFGLIST /* Build configuration list for PBXNativeTarget "CapturaFacil" */ = {
			isa = XCConfigurationList;
			buildConfigurations = (
				CFG_DEBUG /* Debug */,
				CFG_RELEASE /* Release */,
			);
			defaultConfigurationIsVisible = 0;
			defaultConfigurationName = Release;
		};
		PROJCFGLIST /* Build configuration list for PBXProject "CapturaFacil" */ = {
			isa = XCConfigurationList;
			buildConfigurations = (
				PROJCFG_DEBUG /* Debug */,
				PROJCFG_RELEASE /* Release */,
			);
			defaultConfigurationIsVisible = 0;
			defaultConfigurationName = Release;
		};
/* End XCConfigurationList section */
	};
	rootObject = PROJ /* Project object */;
}
